
Microsoft Visual Studio Solution File, Format Version 12.00
# Visual Studio Version 16
VisualStudioVersion = 16.0.31624.102
MinimumVisualStudioVersion = 10.0.40219.1
Project("{9A19103F-16F7-4668-BE54-9A1E7A4F7556}") = "HB.Case.Api", "HB.Case\HB.Case.Api.csproj", "{07E9B9D2-C386-4CC4-A393-B4B52FA8F71A}"
EndProject
Project("{2150E333-8FDC-42A3-9474-1A3956D46DE8}") = "Docs", "Docs", "{BC3DEE97-3964-46E6-AC0E-08BC72BD5566}"
	ProjectSection(SolutionItems) = preProject
		..\..\..\..\Desktop\file-2021-11-02 09_03_01\Hb-Case-Description.pdf = ..\..\..\..\Desktop\file-2021-11-02 09_03_01\Hb-Case-Description.pdf
	EndProjectSection
EndProject
Project("{2150E333-8FDC-42A3-9474-1A3956D46DE8}") = "SolutionItems", "SolutionItems", "{71572739-8284-4948-A3DB-2521281E8F78}"
EndProject
Project("{2150E333-8FDC-42A3-9474-1A3956D46DE8}") = "Source", "Source", "{81515DEB-629C-4CA0-B7BA-7D2B369F904A}"
EndProject
Global
	GlobalSection(SolutionConfigurationPlatforms) = preSolution
		Debug|Any CPU = Debug|Any CPU
		Release|Any CPU = Release|Any CPU
	EndGlobalSection
	GlobalSection(ProjectConfigurationPlatforms) = postSolution
		{07E9B9D2-C386-4CC4-A393-B4B52FA8F71A}.Debug|Any CPU.ActiveCfg = Debug|Any CPU
		{07E9B9D2-C386-4CC4-A393-B4B52FA8F71A}.Debug|Any CPU.Build.0 = Debug|Any CPU
		{07E9B9D2-C386-4CC4-A393-B4B52FA8F71A}.Release|Any CPU.ActiveCfg = Release|Any CPU
		{07E9B9D2-C386-4CC4-A393-B4B52FA8F71A}.Release|Any CPU.Build.0 = Release|Any CPU
	EndGlobalSection
	GlobalSection(SolutionProperties) = preSolution
		HideSolutionNode = FALSE
	EndGlobalSection
	GlobalSection(NestedProjects) = preSolution
		{07E9B9D2-C386-4CC4-A393-B4B52FA8F71A} = {81515DEB-629C-4CA0-B7BA-7D2B369F904A}
	EndGlobalSection
	GlobalSection(ExtensibilityGlobals) = postSolution
		SolutionGuid = {A724FCF7-47DF-4B01-8B52-9604DBF97DD2}
	EndGlobalSection
EndGlobal
